schema: '2.0'
stages:
  load_data:
    cmd: python pipeline/load_data.py
    deps:
    - path: data/raw/power_tetouan_city_modified.csv
      hash: md5
      md5: 877912f20b66bcc5a56223d31d788164
      size: 4564430
    - path: pipeline/load_data.py
      hash: md5
      md5: 28779a965c05c8e21c93255211d1c4ce
      size: 635
    - path: src/data/database.py
      hash: md5
      md5: c083c250431dcda05e2c683e15dec05c
      size: 3662
    - path: src/data/loaders.py
      hash: md5
      md5: 06f340940b2adfddf4e3f16495f08ef9
      size: 6486
    - path: src/preprocessing/normalization.py
      hash: md5
      md5: d5abfad1a1047f110446d459b7549942
      size: 1479
    params:
      params.yaml:
        data.interim_loaded: data/interim/loaded.parquet
        data.raw_path: data/raw/power_tetouan_city_modified.csv
        data.source: file
        preprocessing.datetime_column: datetime
    outs:
    - path: data/interim/loaded.parquet
      hash: md5
      md5: 2e946a145a8e01ec45dddd0818bbc2aa
      size: 2047043
  explore_data:
    cmd: cmd /c "set PYTHONPATH=src && python src/pipeline/02_explore_data.py
    deps:
    - path: data/interim/loaded.parquet
      hash: md5
      md5: 869bb83e16756f309eda38e3720111f4
      size: 2047191
    - path: src/classes/ExploreData.py
      hash: md5
      md5: 1da97000e8379ae46af9470b6b71320d
      size: 14876
    - path: src/pipeline/02_explore_data.py
      hash: md5
      md5: 8c2a8b8cf31e75a8a7f8472b4552f811
      size: 716
    params:
      params.yaml:
        eda.sample_rows: 5
        reports.eda_dir: reports/eda
    outs:
    - path: reports/eda
      hash: md5
      md5: 04b3038cc92356d814645ffa3f674ed8.dir
      size: 321552
      nfiles: 13
  preprocess_data:
    cmd: python pipeline/preprocess.py
    deps:
    - path: data/processed/cleaned.parquet
      hash: md5
      md5: ac91426b6e3e8562b0d66e5d7f282e3f
      size: 2023515
    - path: pipeline/preprocess.py
      hash: md5
      md5: af48c83898b1212ba0fbc5b86ec2e09b
      size: 944
    - path: src/features/engineering.py
      hash: md5
      md5: 8f82a798b4f74de451165ea91ddd23bc
      size: 3196
    - path: src/features/preprocessor.py
      hash: md5
      md5: d2fe8dc88623623437008f3474f58288
      size: 12956
    - path: src/features/temporal.py
      hash: md5
      md5: 04a286b24d8d0f6e855e6b22cb3bfdce
      size: 2165
    params:
      params.yaml:
        data.cleaned: data/processed/cleaned.parquet
        data.test: data/processed/test.parquet
        data.train: data/processed/train.parquet
        preprocessing.datetime_column: datetime
        preprocessing.lags:
        - 6
        - 144
        - 1008
        preprocessing.target_column: zone_1_power_consumption
        split.random_state: 42
        split.test_size: 0.3
    outs:
    - path: data/processed/test.parquet
      hash: md5
      md5: c1e3a32132dbe90934092d65c7a9f06a
      size: 885593
    - path: data/processed/train.parquet
      hash: md5
      md5: 1d2ea4f29fbba5025fd00a8632f783a3
      size: 2092425
  train_model:
    cmd: cmd /c "set PYTHONPATH=src && python src/pipeline/04_train_model.py
    deps:
    - path: data/processed/train.parquet
      hash: md5
      md5: a0c2ed5961cdcb25e918d468b58bdc5f
      size: 60369
    - path: src/classes/TrainModel.py
      hash: md5
      md5: 6e0edda3840899cfee7b1e965740f954
      size: 2948
    - path: src/pipeline/04_train_model.py
      hash: md5
      md5: fbc9e0fb5b297454015010b7fc5a7bc2
      size: 757
    params:
      params.yaml:
        features.target.preferred: zone_1_power_consumption
        model.model_params:
          n_estimators: 800
          learning_rate: 0.05
          max_depth: 6
          min_child_weight: 3
          subsample: 0.8
          colsample_bytree: 0.8
          gamma: 0.1
          reg_lambda: 1.0
          reg_alpha: 0.1
          random_state: 42
          objective: reg:squarederror
          n_jobs: -1
        model.path: models/power_tetouan_model.pkl
    outs:
    - path: models/power_tetouan_model.pkl
      hash: md5
      md5: bd0fc5ec2c1fe4058e57f6b9c5ef545b
      size: 2673235
  evaluate_model:
    cmd: cmd /c "set PYTHONPATH=src && python src/pipeline/05_evaluate_model.py
    deps:
    - path: data/processed/test.parquet
      hash: md5
      md5: ba15e6d826fe45501b639256412f02b9
      size: 29299
    - path: models/power_tetouan_model.pkl
      hash: md5
      md5: bd0fc5ec2c1fe4058e57f6b9c5ef545b
      size: 2673235
    - path: src/classes/EvaluateModel.py
      hash: md5
      md5: 7208ae6bad61a37349ca96f0c657e46b
      size: 6095
    - path: src/pipeline/05_evaluate_model.py
      hash: md5
      md5: 190dd833068f7280c7f0a71df19b6b9a
      size: 1012
    params:
      params.yaml:
        features.target.preferred: zone_1_power_consumption
        metrics.path: metrics/metrics.json
        reports.figures_dir: reports/figures
    outs:
    - path: metrics/metrics.json
      hash: md5
      md5: 33c7840f3e813116364668866fa3eb1c
      size: 219
    - path: reports/figures
      hash: md5
      md5: 57cfed4b58f85ac904c058c6286d8787.dir
      size: 299639
      nfiles: 2
  clean_data:
    cmd: python pipeline/clean_data.py
    deps:
    - path: data/interim/loaded.parquet
      hash: md5
      md5: 2e946a145a8e01ec45dddd0818bbc2aa
      size: 2047043
    - path: pipeline/clean_data.py
      hash: md5
      md5: cc9a8bab4f9bdad094c29017bcd6da0c
      size: 634
    - path: src/config.py
      hash: md5
      md5: b35b716708d67c64f11070c202fe70aa
      size: 3436
    - path: src/preprocessing/cleaner.py
      hash: md5
      md5: ef1727a1a0d14ca12043d84ba0297ae3
      size: 8211
    - path: src/preprocessing/imputation.py
      hash: md5
      md5: 9d0ac834f51d89547f96608567fcf99e
      size: 1794
    - path: src/preprocessing/normalization.py
      hash: md5
      md5: d5abfad1a1047f110446d459b7549942
      size: 1479
    - path: src/preprocessing/outliers.py
      hash: md5
      md5: 83fbc71c53eff4b315117626218cbbea
      size: 6819
    params:
      params.yaml:
        data.cleaned: data/processed/cleaned.parquet
        data.interim_loaded: data/interim/loaded.parquet
        preprocessing.datetime_column: datetime
    outs:
    - path: data/processed/cleaned.parquet
      hash: md5
      md5: ac91426b6e3e8562b0d66e5d7f282e3f
      size: 2023515
  train_models:
    cmd: python pipeline/train.py
    deps:
    - path: data/processed/train.parquet
      hash: md5
      md5: 1d2ea4f29fbba5025fd00a8632f783a3
      size: 2092425
    - path: pipeline/train.py
      hash: md5
      md5: e8bfe89db8bacd51b8b27ad0f937e71c
      size: 3465
    - path: src/modeling/models.py
      hash: md5
      md5: d68649b15b99a71142bb069ea16e7944
      size: 29373
    - path: src/modeling/train.py
      hash: md5
      md5: 733285c9179e05b44b7a461e9709c94a
      size: 9221
    params:
      params.yaml:
        data.train: data/processed/train.parquet
        mlflow.experiment_name: TetouanCityPower_S3
        mlflow.run_name: MultiModelComparison
        mlflow.tracking_uri: ${MLFLOW_TRACKING_URI}
        models.lstm:
          n_steps_in: 144
          epochs: 30
          batch_size: 32
          random_state: 42
          units_layer1: 128
          units_layer2: 64
          dropout_rate: 0.2
          learning_rate: 0.001
        models.output_dir: models
        models.random_forest:
          n_iter: 10
          n_splits: 5
          random_state: 42
          param_distributions:
            n_estimators:
            - 100
            - 200
            - 500
            - 800
            max_depth:
            - 5
            - 10
            - 15
            - 20
            - 
            min_samples_split:
            - 2
            - 5
            - 10
            min_samples_leaf:
            - 1
            - 2
            - 4
            max_features:
            - sqrt
            - log2
        models.to_train:
        - random_forest
        models.var:
          max_lags: 10
          n_splits: 5
        models.xgboost:
          n_iter: 10
          n_splits: 5
          random_state: 42
          param_distributions:
            n_estimators:
            - 100
            - 200
            - 500
            - 800
            learning_rate:
            - 0.01
            - 0.05
            - 0.1
            - 0.2
            max_depth:
            - 3
            - 5
            - 7
            - 10
            min_child_weight:
            - 1
            - 3
            - 5
            subsample:
            - 0.7
            - 0.8
            - 0.9
            - 1.0
            colsample_bytree:
            - 0.7
            - 0.8
            - 0.9
            - 1.0
            gamma:
            - 0
            - 0.1
            - 0.2
            reg_lambda:
            - 0.1
            - 1.0
            - 10.0
            reg_alpha:
            - 0
            - 0.1
            - 1.0
    outs:
    - path: models
      hash: md5
      md5: 75d3f0671b7c7ae5947d5fa81f7f23b9.dir
      size: 314814666
      nfiles: 3
  evaluate_models:
    cmd: python pipeline/evaluate.py
    deps:
    - path: data/processed/test.parquet
      hash: md5
      md5: c1e3a32132dbe90934092d65c7a9f06a
      size: 885593
    - path: data/processed/train.parquet
      hash: md5
      md5: 1d2ea4f29fbba5025fd00a8632f783a3
      size: 2092425
    - path: models
      hash: md5
      md5: 75d3f0671b7c7ae5947d5fa81f7f23b9.dir
      size: 314814666
      nfiles: 3
    - path: pipeline/evaluate.py
      hash: md5
      md5: 66e4d51070f677dcc89d4130bdc6d9b3
      size: 2194
    - path: src/modeling/evaluate.py
      hash: md5
      md5: 7907637154c0d266b5c6104e0c6f08d1
      size: 13109
    - path: src/visualization/plots.py
      hash: md5
      md5: 3d37233f007eb7b47afb1a982609c31b
      size: 10539
    params:
      params.yaml:
        data.test: data/processed/test.parquet
        evaluation.figures_output: reports/figures
        evaluation.metrics_output: metrics/metrics.json
        evaluation.n_steps: 10
        mlflow.champion_higher_is_better: false
        mlflow.champion_metric_name: RMSE
        mlflow.experiment_name: TetouanCityPower_S3
        mlflow.run_name: MultiModelComparison
        mlflow.tracking_uri: ${MLFLOW_TRACKING_URI}
        models.output_dir: models
    outs:
    - path: metrics/metrics.json
      hash: md5
      md5: 43e8d42ced0de3edc2123198cdb3e1c5
      size: 484
    - path: reports/figures
      hash: md5
      md5: be2d1de8eec1e175e41c8286687d2423.dir
      size: 318089
      nfiles: 3
  deploy_champion:
    cmd: python pipeline/deploy.py
    deps:
    - path: metrics/metrics.json
      hash: md5
      md5: cdb2de90f3048bb0f947d1a857317d75
      size: 484
    - path: models
      hash: md5
      md5: ddd7878eb3558beb2e23bd08bc9488e7.dir
      size: 418822733
      nfiles: 4
    - path: pipeline/deploy.py
      hash: md5
      md5: 7adad7ba19f8849f333706eba4b2c885
      size: 10538
    - path: scripts/setup-docker-hub.sh
      hash: md5
      md5: 9858463ff4d6c1528493e1570e3fd22b
      size: 11738
    params:
      params.yaml:
        models.output_dir: models
