schema: '2.0'
stages:
  load_data:
    cmd: python pipeline/load_data.py
    deps:
    - path: data/raw/power_tetouan_city_modified.csv
      hash: md5
      md5: 877912f20b66bcc5a56223d31d788164
      size: 4564430
    - path: pipeline/load_data.py
      hash: md5
      md5: 28779a965c05c8e21c93255211d1c4ce
      size: 635
    - path: src/data/database.py
      hash: md5
      md5: c3c6938d402aeeda6412e594fb61754f
      size: 3787
    - path: src/data/loaders.py
      hash: md5
      md5: 6185c5814d9de21478aa51b52419ac42
      size: 6692
    - path: src/preprocessing/normalization.py
      hash: md5
      md5: d5abfad1a1047f110446d459b7549942
      size: 1479
    params:
      params.yaml:
        data.interim_loaded: data/interim/loaded.parquet
        data.raw_path: data/raw/power_tetouan_city_modified.csv
        data.source: file
        preprocessing.datetime_column: datetime
    outs:
    - path: data/interim/loaded.parquet
      hash: md5
      md5: 869bb83e16756f309eda38e3720111f4
      size: 2047191
  explore_data:
    cmd: cmd /c "set PYTHONPATH=src && python src/pipeline/02_explore_data.py
    deps:
    - path: data/interim/loaded.parquet
      hash: md5
      md5: 869bb83e16756f309eda38e3720111f4
      size: 2047191
    - path: src/classes/ExploreData.py
      hash: md5
      md5: 1da97000e8379ae46af9470b6b71320d
      size: 14876
    - path: src/pipeline/02_explore_data.py
      hash: md5
      md5: 8c2a8b8cf31e75a8a7f8472b4552f811
      size: 716
    params:
      params.yaml:
        eda.sample_rows: 5
        reports.eda_dir: reports/eda
    outs:
    - path: reports/eda
      hash: md5
      md5: 04b3038cc92356d814645ffa3f674ed8.dir
      size: 321552
      nfiles: 13
  preprocess_data:
    cmd: python pipeline/preprocess.py
    deps:
    - path: data/processed/cleaned.parquet
      hash: md5
      md5: 164e561df45895454e3eac245723dcf7
      size: 2023603
    - path: pipeline/preprocess.py
      hash: md5
      md5: af48c83898b1212ba0fbc5b86ec2e09b
      size: 944
    - path: src/features/engineering.py
      hash: md5
      md5: 8f82a798b4f74de451165ea91ddd23bc
      size: 3196
    - path: src/features/preprocessor.py
      hash: md5
      md5: d2fe8dc88623623437008f3474f58288
      size: 12956
    - path: src/features/temporal.py
      hash: md5
      md5: 04a286b24d8d0f6e855e6b22cb3bfdce
      size: 2165
    params:
      params.yaml:
        data.cleaned: data/processed/cleaned.parquet
        data.test: data/processed/test.parquet
        data.train: data/processed/train.parquet
        preprocessing.datetime_column: datetime
        preprocessing.lags:
        - 6
        - 144
        - 1008
        preprocessing.target_column: zone_1_power_consumption
        split.random_state: 42
        split.test_size: 0.3
    outs:
    - path: data/processed/test.parquet
      hash: md5
      md5: b47dac32c9ccdc457c128f512566c35a
      size: 885741
    - path: data/processed/train.parquet
      hash: md5
      md5: 6d6165313ef629e5f4d4349d5e6de975
      size: 2092573
  train_model:
    cmd: cmd /c "set PYTHONPATH=src && python src/pipeline/04_train_model.py
    deps:
    - path: data/processed/train.parquet
      hash: md5
      md5: a0c2ed5961cdcb25e918d468b58bdc5f
      size: 60369
    - path: src/classes/TrainModel.py
      hash: md5
      md5: 6e0edda3840899cfee7b1e965740f954
      size: 2948
    - path: src/pipeline/04_train_model.py
      hash: md5
      md5: fbc9e0fb5b297454015010b7fc5a7bc2
      size: 757
    params:
      params.yaml:
        features.target.preferred: zone_1_power_consumption
        model.model_params:
          n_estimators: 800
          learning_rate: 0.05
          max_depth: 6
          min_child_weight: 3
          subsample: 0.8
          colsample_bytree: 0.8
          gamma: 0.1
          reg_lambda: 1.0
          reg_alpha: 0.1
          random_state: 42
          objective: reg:squarederror
          n_jobs: -1
        model.path: models/power_tetouan_model.pkl
    outs:
    - path: models/power_tetouan_model.pkl
      hash: md5
      md5: bd0fc5ec2c1fe4058e57f6b9c5ef545b
      size: 2673235
  evaluate_model:
    cmd: cmd /c "set PYTHONPATH=src && python src/pipeline/05_evaluate_model.py
    deps:
    - path: data/processed/test.parquet
      hash: md5
      md5: ba15e6d826fe45501b639256412f02b9
      size: 29299
    - path: models/power_tetouan_model.pkl
      hash: md5
      md5: bd0fc5ec2c1fe4058e57f6b9c5ef545b
      size: 2673235
    - path: src/classes/EvaluateModel.py
      hash: md5
      md5: 7208ae6bad61a37349ca96f0c657e46b
      size: 6095
    - path: src/pipeline/05_evaluate_model.py
      hash: md5
      md5: 190dd833068f7280c7f0a71df19b6b9a
      size: 1012
    params:
      params.yaml:
        features.target.preferred: zone_1_power_consumption
        metrics.path: metrics/metrics.json
        reports.figures_dir: reports/figures
    outs:
    - path: metrics/metrics.json
      hash: md5
      md5: 33c7840f3e813116364668866fa3eb1c
      size: 219
    - path: reports/figures
      hash: md5
      md5: 57cfed4b58f85ac904c058c6286d8787.dir
      size: 299639
      nfiles: 2
  clean_data:
    cmd: python pipeline/clean_data.py
    deps:
    - path: data/interim/loaded.parquet
      hash: md5
      md5: 869bb83e16756f309eda38e3720111f4
      size: 2047191
    - path: pipeline/clean_data.py
      hash: md5
      md5: cc9a8bab4f9bdad094c29017bcd6da0c
      size: 634
    - path: src/config.py
      hash: md5
      md5: 649bd6db7c79a6d910acc9086ae78d7c
      size: 3647
    - path: src/preprocessing/cleaner.py
      hash: md5
      md5: ef1727a1a0d14ca12043d84ba0297ae3
      size: 8211
    - path: src/preprocessing/imputation.py
      hash: md5
      md5: 9d0ac834f51d89547f96608567fcf99e
      size: 1794
    - path: src/preprocessing/normalization.py
      hash: md5
      md5: d5abfad1a1047f110446d459b7549942
      size: 1479
    - path: src/preprocessing/outliers.py
      hash: md5
      md5: 83fbc71c53eff4b315117626218cbbea
      size: 6819
    params:
      params.yaml:
        data.cleaned: data/processed/cleaned.parquet
        data.interim_loaded: data/interim/loaded.parquet
        preprocessing.datetime_column: datetime
    outs:
    - path: data/processed/cleaned.parquet
      hash: md5
      md5: 164e561df45895454e3eac245723dcf7
      size: 2023603
  train_models:
    cmd: python pipeline/train.py
    deps:
    - path: data/processed/train.parquet
      hash: md5
      md5: 6d6165313ef629e5f4d4349d5e6de975
      size: 2092573
    - path: pipeline/train.py
      hash: md5
      md5: 65d35fdbd370b7ad25e9e5c3fe31cc8e
      size: 2014
    - path: src/modeling/models.py
      hash: md5
      md5: a2eb1f34df44ddbef3dcaad12d1d4757
      size: 29280
    - path: src/modeling/train.py
      hash: md5
      md5: 733285c9179e05b44b7a461e9709c94a
      size: 9221
    params:
      params.yaml:
        data.train: data/processed/train.parquet
        models.lstm:
          n_steps_in: 144
          epochs: 30
          batch_size: 32
          random_state: 42
          units_layer1: 128
          units_layer2: 64
          dropout_rate: 0.2
          learning_rate: 0.001
        models.output_dir: models
        models.random_forest:
          n_iter: 10
          n_splits: 5
          random_state: 42
          param_distributions:
            n_estimators:
            - 100
            - 200
            - 500
            - 800
            max_depth:
            - 5
            - 10
            - 15
            - 20
            - 
            min_samples_split:
            - 2
            - 5
            - 10
            min_samples_leaf:
            - 1
            - 2
            - 4
            max_features:
            - sqrt
            - log2
        models.types:
        - VAR
        - RandomForest
        - XGBoost
        models.var:
          max_lags: 10
          n_splits: 5
        models.xgboost:
          n_iter: 10
          n_splits: 5
          random_state: 42
          param_distributions:
            n_estimators:
            - 100
            - 200
            - 500
            - 800
            learning_rate:
            - 0.01
            - 0.05
            - 0.1
            - 0.2
            max_depth:
            - 3
            - 5
            - 7
            - 10
            min_child_weight:
            - 1
            - 3
            - 5
            subsample:
            - 0.7
            - 0.8
            - 0.9
            - 1.0
            colsample_bytree:
            - 0.7
            - 0.8
            - 0.9
            - 1.0
            gamma:
            - 0
            - 0.1
            - 0.2
            reg_lambda:
            - 0.1
            - 1.0
            - 10.0
            reg_alpha:
            - 0
            - 0.1
            - 1.0
    outs:
    - path: models
      hash: md5
      md5: 534265055b4c75e6d274dd95269f70c5.dir
      size: 332447999
      nfiles: 7
  evaluate_models:
    cmd: python pipeline/evaluate.py
    deps:
    - path: data/processed/test.parquet
      hash: md5
      md5: b47dac32c9ccdc457c128f512566c35a
      size: 885741
    - path: models
      hash: md5
      md5: 534265055b4c75e6d274dd95269f70c5.dir
      size: 332447999
      nfiles: 7
    - path: pipeline/evaluate.py
      hash: md5
      md5: b3bb2d52b6942cbca299e4e562c54d03
      size: 922
    - path: src/modeling/evaluate.py
      hash: md5
      md5: c2fd5b2e58d7f133ab50b10e3be52324
      size: 11502
    - path: src/visualization/plots.py
      hash: md5
      md5: 3d37233f007eb7b47afb1a982609c31b
      size: 10539
    params:
      params.yaml:
        data.test: data/processed/test.parquet
        evaluation.figures_output: reports/figures
        evaluation.metrics_output: metrics/metrics.json
        evaluation.n_steps: 10
        models.output_dir: models
    outs:
    - path: metrics/metrics.json
      hash: md5
      md5: 22491221047c3ac510678e616bc9e2f9
      size: 1212
    - path: reports/figures
      hash: md5
      md5: a4447bb72c92d193b2b9dc7e0355a9b6.dir
      size: 422136
      nfiles: 3
